// !$*UTF8*$!
{
	archiveVersion = 1;
	classes = {
	};
	objectVersion = 46;
	objects = {

/* Begin PBXBuildFile section */
		AD371A3C1BFECBBE007B8F9A /* main.m in Sources */ = {isa = PBXBuildFile; fileRef = AD371A3B1BFECBBE007B8F9A /* main.m */; };
		AD371A3F1BFECBBE007B8F9A /* AppDelegate.m in Sources */ = {isa = PBXBuildFile; fileRef = AD371A3E1BFECBBE007B8F9A /* AppDelegate.m */; };
		AD371A421BFECBBE007B8F9A /* ViewController.m in Sources */ = {isa = PBXBuildFile; fileRef = AD371A411BFECBBE007B8F9A /* ViewController.m */; };
		AD371A451BFECBBE007B8F9A /* Main.storyboard in Resources */ = {isa = PBXBuildFile; fileRef = AD371A431BFECBBE007B8F9A /* Main.storyboard */; };
		AD371A471BFECBBE007B8F9A /* Assets.xcassets in Resources */ = {isa = PBXBuildFile; fileRef = AD371A461BFECBBE007B8F9A /* Assets.xcassets */; };
		AD371A4A1BFECBBE007B8F9A /* LaunchScreen.storyboard in Resources */ = {isa = PBXBuildFile; fileRef = AD371A481BFECBBE007B8F9A /* LaunchScreen.storyboard */; };
		AD371A551BFECBBE007B8F9A /* dup_firstTests.m in Sources */ = {isa = PBXBuildFile; fileRef = AD371A541BFECBBE007B8F9A /* dup_firstTests.m */; };
		AD371A601BFECBBE007B8F9A /* dup_firstUITests.m in Sources */ = {isa = PBXBuildFile; fileRef = AD371A5F1BFECBBE007B8F9A /* dup_firstUITests.m */; };
		AD371A761BFED07E007B8F9A /* LoginViewController.m in Sources */ = {isa = PBXBuildFile; fileRef = AD371A741BFED07E007B8F9A /* LoginViewController.m */; settings = {ASSET_TAGS = (); }; };
		AD371A771BFED07E007B8F9A /* LoginViewController.xib in Resources */ = {isa = PBXBuildFile; fileRef = AD371A751BFED07E007B8F9A /* LoginViewController.xib */; settings = {ASSET_TAGS = (); }; };
		AD371A8E1BFEEAAD007B8F9A /* GoogleSignIn.bundle in Resources */ = {isa = PBXBuildFile; fileRef = AD371A7D1BFEEAAD007B8F9A /* GoogleSignIn.bundle */; settings = {ASSET_TAGS = (); }; };
		AD371A8F1BFEEAAD007B8F9A /* TwitterKitResources.bundle in Resources */ = {isa = PBXBuildFile; fileRef = AD371A7E1BFEEAAD007B8F9A /* TwitterKitResources.bundle */; settings = {ASSET_TAGS = (); }; };
		AD371A901BFEEAAD007B8F9A /* XGSDK.bundle in Resources */ = {isa = PBXBuildFile; fileRef = AD371A7F1BFEEAAD007B8F9A /* XGSDK.bundle */; settings = {ASSET_TAGS = (); }; };
		AD371A911BFEEAAD007B8F9A /* xgsdk_ios_xoyoApple_info.plist in Resources */ = {isa = PBXBuildFile; fileRef = AD371A801BFEEAAD007B8F9A /* xgsdk_ios_xoyoApple_info.plist */; settings = {ASSET_TAGS = (); }; };
		AD371A921BFEEAAD007B8F9A /* XoyoboxResources.bundle in Resources */ = {isa = PBXBuildFile; fileRef = AD371A811BFEEAAD007B8F9A /* XoyoboxResources.bundle */; settings = {ASSET_TAGS = (); }; };
		AD371A931BFEEAAD007B8F9A /* FBSDKCoreKit.framework in Frameworks */ = {isa = PBXBuildFile; fileRef = AD371A831BFEEAAD007B8F9A /* FBSDKCoreKit.framework */; settings = {ASSET_TAGS = (); }; };
		AD371A941BFEEAAD007B8F9A /* FBSDKLoginKit.framework in Frameworks */ = {isa = PBXBuildFile; fileRef = AD371A841BFEEAAD007B8F9A /* FBSDKLoginKit.framework */; settings = {ASSET_TAGS = (); }; };
		AD371A951BFEEAAD007B8F9A /* FBSDKShareKit.framework in Frameworks */ = {isa = PBXBuildFile; fileRef = AD371A851BFEEAAD007B8F9A /* FBSDKShareKit.framework */; settings = {ASSET_TAGS = (); }; };
		AD371A961BFEEAAD007B8F9A /* GoogleSignIn.framework in Frameworks */ = {isa = PBXBuildFile; fileRef = AD371A861BFEEAAD007B8F9A /* GoogleSignIn.framework */; settings = {ASSET_TAGS = (); }; };
		AD371A971BFEEAAD007B8F9A /* TwitterKit.framework in Frameworks */ = {isa = PBXBuildFile; fileRef = AD371A871BFEEAAD007B8F9A /* TwitterKit.framework */; settings = {ASSET_TAGS = (); }; };
		AD371A981BFEEAAD007B8F9A /* libxg-xoyoApple.a in Frameworks */ = {isa = PBXBuildFile; fileRef = AD371A891BFEEAAD007B8F9A /* libxg-xoyoApple.a */; settings = {ASSET_TAGS = (); }; };
		AD371A991BFEEAAD007B8F9A /* libxgApplePay.a in Frameworks */ = {isa = PBXBuildFile; fileRef = AD371A8A1BFEEAAD007B8F9A /* libxgApplePay.a */; settings = {ASSET_TAGS = (); }; };
		AD371A9A1BFEEAAD007B8F9A /* libxgCommon.a in Frameworks */ = {isa = PBXBuildFile; fileRef = AD371A8B1BFEEAAD007B8F9A /* libxgCommon.a */; settings = {ASSET_TAGS = (); }; };
		AD371A9B1BFEEAAD007B8F9A /* libXgsdkData.a in Frameworks */ = {isa = PBXBuildFile; fileRef = AD371A8C1BFEEAAD007B8F9A /* libXgsdkData.a */; settings = {ASSET_TAGS = (); }; };
		AD371A9C1BFEEAAD007B8F9A /* libXoyobox.a in Frameworks */ = {isa = PBXBuildFile; fileRef = AD371A8D1BFEEAAD007B8F9A /* libXoyobox.a */; settings = {ASSET_TAGS = (); }; };
/* End PBXBuildFile section */

/* Begin PBXContainerItemProxy section */
		AD371A511BFECBBE007B8F9A /* PBXContainerItemProxy */ = {
			isa = PBXContainerItemProxy;
			containerPortal = AD371A2F1BFECBBE007B8F9A /* Project object */;
			proxyType = 1;
			remoteGlobalIDString = AD371A361BFECBBE007B8F9A;
			remoteInfo = "dup-first";
		};
		AD371A5C1BFECBBE007B8F9A /* PBXContainerItemProxy */ = {
			isa = PBXContainerItemProxy;
			containerPortal = AD371A2F1BFECBBE007B8F9A /* Project object */;
			proxyType = 1;
			remoteGlobalIDString = AD371A361BFECBBE007B8F9A;
			remoteInfo = "dup-first";
		};
/* End PBXContainerItemProxy section */

/* Begin PBXFileReference section */
		AD371A371BFECBBE007B8F9A /* dup-first.app */ = {isa = PBXFileReference; explicitFileType = wrapper.application; includeInIndex = 0; path = "dup-first.app"; sourceTree = BUILT_PRODUCTS_DIR; };
		AD371A3B1BFECBBE007B8F9A /* main.m */ = {isa = PBXFileReference; lastKnownFileType = sourcecode.c.objc; path = main.m; sourceTree = "<group>"; };
		AD371A3D1BFECBBE007B8F9A /* AppDelegate.h */ = {isa = PBXFileReference; lastKnownFileType = sourcecode.c.h; path = AppDelegate.h; sourceTree = "<group>"; };
		AD371A3E1BFECBBE007B8F9A /* AppDelegate.m */ = {isa = PBXFileReference; lastKnownFileType = sourcecode.c.objc; path = AppDelegate.m; sourceTree = "<group>"; };
		AD371A401BFECBBE007B8F9A /* ViewController.h */ = {isa = PBXFileReference; lastKnownFileType = sourcecode.c.h; path = ViewController.h; sourceTree = "<group>"; };
		AD371A411BFECBBE007B8F9A /* ViewController.m */ = {isa = PBXFileReference; lastKnownFileType = sourcecode.c.objc; path = ViewController.m; sourceTree = "<group>"; };
		AD371A441BFECBBE007B8F9A /* Base */ = {isa = PBXFileReference; lastKnownFileType = file.storyboard; name = Base; path = Base.lproj/Main.storyboard; sourceTree = "<group>"; };
		AD371A461BFECBBE007B8F9A /* Assets.xcassets */ = {isa = PBXFileReference; lastKnownFileType = folder.assetcatalog; path = Assets.xcassets; sourceTree = "<group>"; };
		AD371A491BFECBBE007B8F9A /* Base */ = {isa = PBXFileReference; lastKnownFileType = file.storyboard; name = Base; path = Base.lproj/LaunchScreen.storyboard; sourceTree = "<group>"; };
		AD371A4B1BFECBBE007B8F9A /* Info.plist */ = {isa = PBXFileReference; lastKnownFileType = text.plist.xml; path = Info.plist; sourceTree = "<group>"; };
		AD371A501BFECBBE007B8F9A /* dup-firstTests.xctest */ = {isa = PBXFileReference; explicitFileType = wrapper.cfbundle; includeInIndex = 0; path = "dup-firstTests.xctest"; sourceTree = BUILT_PRODUCTS_DIR; };
		AD371A541BFECBBE007B8F9A /* dup_firstTests.m */ = {isa = PBXFileReference; lastKnownFileType = sourcecode.c.objc; path = dup_firstTests.m; sourceTree = "<group>"; };
		AD371A561BFECBBE007B8F9A /* Info.plist */ = {isa = PBXFileReference; lastKnownFileType = text.plist.xml; path = Info.plist; sourceTree = "<group>"; };
		AD371A5B1BFECBBE007B8F9A /* dup-firstUITests.xctest */ = {isa = PBXFileReference; explicitFileType = wrapper.cfbundle; includeInIndex = 0; path = "dup-firstUITests.xctest"; sourceTree = BUILT_PRODUCTS_DIR; };
		AD371A5F1BFECBBE007B8F9A /* dup_firstUITests.m */ = {isa = PBXFileReference; lastKnownFileType = sourcecode.c.objc; path = dup_firstUITests.m; sourceTree = "<group>"; };
		AD371A611BFECBBE007B8F9A /* Info.plist */ = {isa = PBXFileReference; lastKnownFileType = text.plist.xml; path = Info.plist; sourceTree = "<group>"; };
		AD371A731BFED07E007B8F9A /* LoginViewController.h */ = {isa = PBXFileReference; fileEncoding = 4; lastKnownFileType = sourcecode.c.h; name = LoginViewController.h; path = ../LoginViewController.h; sourceTree = "<group>"; };
		AD371A741BFED07E007B8F9A /* LoginViewController.m */ = {isa = PBXFileReference; fileEncoding = 4; lastKnownFileType = sourcecode.c.objc; name = LoginViewController.m; path = ../LoginViewController.m; sourceTree = "<group>"; };
		AD371A751BFED07E007B8F9A /* LoginViewController.xib */ = {isa = PBXFileReference; fileEncoding = 4; lastKnownFileType = file.xib; name = LoginViewController.xib; path = ../LoginViewController.xib; sourceTree = "<group>"; };
		AD371A791BFEEA22007B8F9A /* Util.h */ = {isa = PBXFileReference; fileEncoding = 4; lastKnownFileType = sourcecode.c.h; path = Util.h; sourceTree = "<group>"; };
		AD371A7A1BFEEA22007B8F9A /* XGSDK.h */ = {isa = PBXFileReference; fileEncoding = 4; lastKnownFileType = sourcecode.c.h; path = XGSDK.h; sourceTree = "<group>"; };
		AD371A7D1BFEEAAD007B8F9A /* GoogleSignIn.bundle */ = {isa = PBXFileReference; lastKnownFileType = "wrapper.plug-in"; path = GoogleSignIn.bundle; sourceTree = "<group>"; };
		AD371A7E1BFEEAAD007B8F9A /* TwitterKitResources.bundle */ = {isa = PBXFileReference; lastKnownFileType = "wrapper.plug-in"; path = TwitterKitResources.bundle; sourceTree = "<group>"; };
		AD371A7F1BFEEAAD007B8F9A /* XGSDK.bundle */ = {isa = PBXFileReference; lastKnownFileType = "wrapper.plug-in"; path = XGSDK.bundle; sourceTree = "<group>"; };
		AD371A801BFEEAAD007B8F9A /* xgsdk_ios_xoyoApple_info.plist */ = {isa = PBXFileReference; fileEncoding = 4; lastKnownFileType = text.plist.xml; path = xgsdk_ios_xoyoApple_info.plist; sourceTree = "<group>"; };
		AD371A811BFEEAAD007B8F9A /* XoyoboxResources.bundle */ = {isa = PBXFileReference; lastKnownFileType = "wrapper.plug-in"; path = XoyoboxResources.bundle; sourceTree = "<group>"; };
		AD371A831BFEEAAD007B8F9A /* FBSDKCoreKit.framework */ = {isa = PBXFileReference; lastKnownFileType = wrapper.framework; path = FBSDKCoreKit.framework; sourceTree = "<group>"; };
		AD371A841BFEEAAD007B8F9A /* FBSDKLoginKit.framework */ = {isa = PBXFileReference; lastKnownFileType = wrapper.framework; path = FBSDKLoginKit.framework; sourceTree = "<group>"; };
		AD371A851BFEEAAD007B8F9A /* FBSDKShareKit.framework */ = {isa = PBXFileReference; lastKnownFileType = wrapper.framework; path = FBSDKShareKit.framework; sourceTree = "<group>"; };
		AD371A861BFEEAAD007B8F9A /* GoogleSignIn.framework */ = {isa = PBXFileReference; lastKnownFileType = wrapper.framework; path = GoogleSignIn.framework; sourceTree = "<group>"; };
		AD371A871BFEEAAD007B8F9A /* TwitterKit.framework */ = {isa = PBXFileReference; lastKnownFileType = wrapper.framework; path = TwitterKit.framework; sourceTree = "<group>"; };
		AD371A891BFEEAAD007B8F9A /* libxg-xoyoApple.a */ = {isa = PBXFileReference; lastKnownFileType = archive.ar; path = "libxg-xoyoApple.a"; sourceTree = "<group>"; };
		AD371A8A1BFEEAAD007B8F9A /* libxgApplePay.a */ = {isa = PBXFileReference; lastKnownFileType = archive.ar; path = libxgApplePay.a; sourceTree = "<group>"; };
		AD371A8B1BFEEAAD007B8F9A /* libxgCommon.a */ = {isa = PBXFileReference; lastKnownFileType = archive.ar; path = libxgCommon.a; sourceTree = "<group>"; };
		AD371A8C1BFEEAAD007B8F9A /* libXgsdkData.a */ = {isa = PBXFileReference; lastKnownFileType = archive.ar; path = libXgsdkData.a; sourceTree = "<group>"; };
		AD371A8D1BFEEAAD007B8F9A /* libXoyobox.a */ = {isa = PBXFileReference; lastKnownFileType = archive.ar; path = libXoyobox.a; sourceTree = "<group>"; };
/* End PBXFileReference section */

/* Begin PBXFrameworksBuildPhase section */
		AD371A341BFECBBE007B8F9A /* Frameworks */ = {
			isa = PBXFrameworksBuildPhase;
			buildActionMask = 2147483647;
			files = (
				AD371A941BFEEAAD007B8F9A /* FBSDKLoginKit.framework in Frameworks */,
				AD371A971BFEEAAD007B8F9A /* TwitterKit.framework in Frameworks */,
				AD371A981BFEEAAD007B8F9A /* libxg-xoyoApple.a in Frameworks */,
				AD371A9A1BFEEAAD007B8F9A /* libxgCommon.a in Frameworks */,
				AD371A9B1BFEEAAD007B8F9A /* libXgsdkData.a in Frameworks */,
				AD371A931BFEEAAD007B8F9A /* FBSDKCoreKit.framework in Frameworks */,
				AD371A9C1BFEEAAD007B8F9A /* libXoyobox.a in Frameworks */,
				AD371A951BFEEAAD007B8F9A /* FBSDKShareKit.framework in Frameworks */,
				AD371A991BFEEAAD007B8F9A /* libxgApplePay.a in Frameworks */,
				AD371A961BFEEAAD007B8F9A /* GoogleSignIn.framework in Frameworks */,
			);
			runOnlyForDeploymentPostprocessing = 0;
		};
		AD371A4D1BFECBBE007B8F9A /* Frameworks */ = {
			isa = PBXFrameworksBuildPhase;
			buildActionMask = 2147483647;
			files = (
			);
			runOnlyForDeploymentPostprocessing = 0;
		};
		AD371A581BFECBBE007B8F9A /* Frameworks */ = {
			isa = PBXFrameworksBuildPhase;
			buildActionMask = 2147483647;
			files = (
			);
			runOnlyForDeploymentPostprocessing = 0;
		};
/* End PBXFrameworksBuildPhase section */

/* Begin PBXGroup section */
		AD371A2E1BFECBBE007B8F9A = {
			isa = PBXGroup;
			children = (
				AD371A391BFECBBE007B8F9A /* dup-first */,
				AD371A531BFECBBE007B8F9A /* dup-firstTests */,
				AD371A5E1BFECBBE007B8F9A /* dup-firstUITests */,
				AD371A381BFECBBE007B8F9A /* Products */,
			);
			sourceTree = "<group>";
		};
		AD371A381BFECBBE007B8F9A /* Products */ = {
			isa = PBXGroup;
			children = (
				AD371A371BFECBBE007B8F9A /* dup-first.app */,
				AD371A501BFECBBE007B8F9A /* dup-firstTests.xctest */,
				AD371A5B1BFECBBE007B8F9A /* dup-firstUITests.xctest */,
			);
			name = Products;
			sourceTree = "<group>";
		};
		AD371A391BFECBBE007B8F9A /* dup-first */ = {
			isa = PBXGroup;
			children = (
				AD371A781BFEEA22007B8F9A /* xgsdk_res */,
				AD371A6D1BFED020007B8F9A /* views */,
				AD371A3D1BFECBBE007B8F9A /* AppDelegate.h */,
				AD371A3E1BFECBBE007B8F9A /* AppDelegate.m */,
				AD371A401BFECBBE007B8F9A /* ViewController.h */,
				AD371A411BFECBBE007B8F9A /* ViewController.m */,
				AD371A431BFECBBE007B8F9A /* Main.storyboard */,
				AD371A461BFECBBE007B8F9A /* Assets.xcassets */,
				AD371A481BFECBBE007B8F9A /* LaunchScreen.storyboard */,
				AD371A4B1BFECBBE007B8F9A /* Info.plist */,
				AD371A3A1BFECBBE007B8F9A /* Supporting Files */,
			);
			path = "dup-first";
			sourceTree = "<group>";
		};
		AD371A3A1BFECBBE007B8F9A /* Supporting Files */ = {
			isa = PBXGroup;
			children = (
				AD371A3B1BFECBBE007B8F9A /* main.m */,
			);
			name = "Supporting Files";
			sourceTree = "<group>";
		};
		AD371A531BFECBBE007B8F9A /* dup-firstTests */ = {
			isa = PBXGroup;
			children = (
				AD371A541BFECBBE007B8F9A /* dup_firstTests.m */,
				AD371A561BFECBBE007B8F9A /* Info.plist */,
			);
			path = "dup-firstTests";
			sourceTree = "<group>";
		};
		AD371A5E1BFECBBE007B8F9A /* dup-firstUITests */ = {
			isa = PBXGroup;
			children = (
				AD371A5F1BFECBBE007B8F9A /* dup_firstUITests.m */,
				AD371A611BFECBBE007B8F9A /* Info.plist */,
			);
			path = "dup-firstUITests";
			sourceTree = "<group>";
		};
		AD371A6D1BFED020007B8F9A /* views */ = {
			isa = PBXGroup;
			children = (
				AD371A6F1BFED035007B8F9A /* data */,
				AD371A6E1BFED02D007B8F9A /* login */,
			);
			name = views;
			sourceTree = "<group>";
		};
		AD371A6E1BFED02D007B8F9A /* login */ = {
			isa = PBXGroup;
			children = (
				AD371A731BFED07E007B8F9A /* LoginViewController.h */,
				AD371A741BFED07E007B8F9A /* LoginViewController.m */,
				AD371A751BFED07E007B8F9A /* LoginViewController.xib */,
			);
			name = login;
			sourceTree = "<group>";
		};
		AD371A6F1BFED035007B8F9A /* data */ = {
			isa = PBXGroup;
			children = (
			);
			name = data;
			sourceTree = "<group>";
		};
		AD371A781BFEEA22007B8F9A /* xgsdk_res */ = {
			isa = PBXGroup;
			children = (
				AD371A7B1BFEEAAD007B8F9A /* res */,
				AD371A791BFEEA22007B8F9A /* Util.h */,
				AD371A7A1BFEEA22007B8F9A /* XGSDK.h */,
			);
			path = xgsdk_res;
			sourceTree = SOURCE_ROOT;
		};
		AD371A7B1BFEEAAD007B8F9A /* res */ = {
			isa = PBXGroup;
			children = (
				AD371A7C1BFEEAAD007B8F9A /* bundle */,
				AD371A821BFEEAAD007B8F9A /* frame */,
				AD371A881BFEEAAD007B8F9A /* lib */,
			);
			path = res;
			sourceTree = "<group>";
		};
		AD371A7C1BFEEAAD007B8F9A /* bundle */ = {
			isa = PBXGroup;
			children = (
				AD371A7D1BFEEAAD007B8F9A /* GoogleSignIn.bundle */,
				AD371A7E1BFEEAAD007B8F9A /* TwitterKitResources.bundle */,
				AD371A7F1BFEEAAD007B8F9A /* XGSDK.bundle */,
				AD371A801BFEEAAD007B8F9A /* xgsdk_ios_xoyoApple_info.plist */,
				AD371A811BFEEAAD007B8F9A /* XoyoboxResources.bundle */,
			);
			path = bundle;
			sourceTree = "<group>";
		};
		AD371A821BFEEAAD007B8F9A /* frame */ = {
			isa = PBXGroup;
			children = (
				AD371A831BFEEAAD007B8F9A /* FBSDKCoreKit.framework */,
				AD371A841BFEEAAD007B8F9A /* FBSDKLoginKit.framework */,
				AD371A851BFEEAAD007B8F9A /* FBSDKShareKit.framework */,
				AD371A861BFEEAAD007B8F9A /* GoogleSignIn.framework */,
				AD371A871BFEEAAD007B8F9A /* TwitterKit.framework */,
			);
			path = frame;
			sourceTree = "<group>";
		};
		AD371A881BFEEAAD007B8F9A /* lib */ = {
			isa = PBXGroup;
			children = (
				AD371A891BFEEAAD007B8F9A /* libxg-xoyoApple.a */,
				AD371A8A1BFEEAAD007B8F9A /* libxgApplePay.a */,
				AD371A8B1BFEEAAD007B8F9A /* libxgCommon.a */,
				AD371A8C1BFEEAAD007B8F9A /* libXgsdkData.a */,
				AD371A8D1BFEEAAD007B8F9A /* libXoyobox.a */,
			);
			path = lib;
			sourceTree = "<group>";
		};
/* End PBXGroup section */

/* Begin PBXNativeTarget section */
		AD371A361BFECBBE007B8F9A /* dup-first */ = {
			isa = PBXNativeTarget;
			buildConfigurationList = AD371A641BFECBBE007B8F9A /* Build configuration list for PBXNativeTarget "dup-first" */;
			buildPhases = (
				AD371A331BFECBBE007B8F9A /* Sources */,
				AD371A341BFECBBE007B8F9A /* Frameworks */,
				AD371A351BFECBBE007B8F9A /* Resources */,
			);
			buildRules = (
			);
			dependencies = (
			);
			name = "dup-first";
			productName = "dup-first";
			productReference = AD371A371BFECBBE007B8F9A /* dup-first.app */;
			productType = "com.apple.product-type.application";
		};
		AD371A4F1BFECBBE007B8F9A /* dup-firstTests */ = {
			isa = PBXNativeTarget;
			buildConfigurationList = AD371A671BFECBBE007B8F9A /* Build configuration list for PBXNativeTarget "dup-firstTests" */;
			buildPhases = (
				AD371A4C1BFECBBE007B8F9A /* Sources */,
				AD371A4D1BFECBBE007B8F9A /* Frameworks */,
				AD371A4E1BFECBBE007B8F9A /* Resources */,
			);
			buildRules = (
			);
			dependencies = (
				AD371A521BFECBBE007B8F9A /* PBXTargetDependency */,
			);
			name = "dup-firstTests";
			productName = "dup-firstTests";
			productReference = AD371A501BFECBBE007B8F9A /* dup-firstTests.xctest */;
			productType = "com.apple.product-type.bundle.unit-test";
		};
		AD371A5A1BFECBBE007B8F9A /* dup-firstUITests */ = {
			isa = PBXNativeTarget;
			buildConfigurationList = AD371A6A1BFECBBE007B8F9A /* Build configuration list for PBXNativeTarget "dup-firstUITests" */;
			buildPhases = (
				AD371A571BFECBBE007B8F9A /* Sources */,
				AD371A581BFECBBE007B8F9A /* Frameworks */,
				AD371A591BFECBBE007B8F9A /* Resources */,
			);
			buildRules = (
			);
			dependencies = (
				AD371A5D1BFECBBE007B8F9A /* PBXTargetDependency */,
			);
			name = "dup-firstUITests";
			productName = "dup-firstUITests";
			productReference = AD371A5B1BFECBBE007B8F9A /* dup-firstUITests.xctest */;
			productType = "com.apple.product-type.bundle.ui-testing";
		};
/* End PBXNativeTarget section */

/* Begin PBXProject section */
		AD371A2F1BFECBBE007B8F9A /* Project object */ = {
			isa = PBXProject;
			attributes = {
				LastUpgradeCheck = 0700;
				ORGANIZATIONNAME = "熊海涛";
				TargetAttributes = {
					AD371A361BFECBBE007B8F9A = {
						CreatedOnToolsVersion = 7.0.1;
					};
					AD371A4F1BFECBBE007B8F9A = {
						CreatedOnToolsVersion = 7.0.1;
						TestTargetID = AD371A361BFECBBE007B8F9A;
					};
					AD371A5A1BFECBBE007B8F9A = {
						CreatedOnToolsVersion = 7.0.1;
						TestTargetID = AD371A361BFECBBE007B8F9A;
					};
				};
			};
			buildConfigurationList = AD371A321BFECBBE007B8F9A /* Build configuration list for PBXProject "dup-first" */;
			compatibilityVersion = "Xcode 3.2";
			developmentRegion = English;
			hasScannedForEncodings = 0;
			knownRegions = (
				en,
				Base,
			);
			mainGroup = AD371A2E1BFECBBE007B8F9A;
			productRefGroup = AD371A381BFECBBE007B8F9A /* Products */;
			projectDirPath = "";
			projectRoot = "";
			targets = (
				AD371A361BFECBBE007B8F9A /* dup-first */,
				AD371A4F1BFECBBE007B8F9A /* dup-firstTests */,
				AD371A5A1BFECBBE007B8F9A /* dup-firstUITests */,
			);
		};
/* End PBXProject section */

/* Begin PBXResourcesBuildPhase section */
		AD371A351BFECBBE007B8F9A /* Resources */ = {
			isa = PBXResourcesBuildPhase;
			buildActionMask = 2147483647;
			files = (
				AD371A921BFEEAAD007B8F9A /* XoyoboxResources.bundle in Resources */,
				AD371A771BFED07E007B8F9A /* LoginViewController.xib in Resources */,
				AD371A901BFEEAAD007B8F9A /* XGSDK.bundle in Resources */,
				AD371A8E1BFEEAAD007B8F9A /* GoogleSignIn.bundle in Resources */,
				AD371A4A1BFECBBE007B8F9A /* LaunchScreen.storyboard in Resources */,
				AD371A471BFECBBE007B8F9A /* Assets.xcassets in Resources */,
				AD371A8F1BFEEAAD007B8F9A /* TwitterKitResources.bundle in Resources */,
				AD371A911BFEEAAD007B8F9A /* xgsdk_ios_xoyoApple_info.plist in Resources */,
				AD371A451BFECBBE007B8F9A /* Main.storyboard in Resources */,
			);
			runOnlyForDeploymentPostprocessing = 0;
		};
		AD371A4E1BFECBBE007B8F9A /* Resources */ = {
			isa = PBXResourcesBuildPhase;
			buildActionMask = 2147483647;
			files = (
			);
			runOnlyForDeploymentPostprocessing = 0;
		};
		AD371A591BFECBBE007B8F9A /* Resources */ = {
			isa = PBXResourcesBuildPhase;
			buildActionMask = 2147483647;
			files = (
			);
			runOnlyForDeploymentPostprocessing = 0;
		};
/* End PBXResourcesBuildPhase section */

/* Begin PBXSourcesBuildPhase section */
		AD371A331BFECBBE007B8F9A /* Sources */ = {
			isa = PBXSourcesBuildPhase;
			buildActionMask = 2147483647;
			files = (
				AD371A761BFED07E007B8F9A /* LoginViewController.m in Sources */,
				AD371A421BFECBBE007B8F9A /* ViewController.m in Sources */,
				AD371A3F1BFECBBE007B8F9A /* AppDelegate.m in Sources */,
				AD371A3C1BFECBBE007B8F9A /* main.m in Sources */,
			);
			runOnlyForDeploymentPostprocessing = 0;
		};
		AD371A4C1BFECBBE007B8F9A /* Sources */ = {
			isa = PBXSourcesBuildPhase;
			buildActionMask = 2147483647;
			files = (
				AD371A551BFECBBE007B8F9A /* dup_firstTests.m in Sources */,
			);
			runOnlyForDeploymentPostprocessing = 0;
		};
		AD371A571BFECBBE007B8F9A /* Sources */ = {
			isa = PBXSourcesBuildPhase;
			buildActionMask = 2147483647;
			files = (
				AD371A601BFECBBE007B8F9A /* dup_firstUITests.m in Sources */,
			);
			runOnlyForDeploymentPostprocessing = 0;
		};
/* End PBXSourcesBuildPhase section */

/* Begin PBXTargetDependency section */
		AD371A521BFECBBE007B8F9A /* PBXTargetDependency */ = {
			isa = PBXTargetDependency;
			target = AD371A361BFECBBE007B8F9A /* dup-first */;
			targetProxy = AD371A511BFECBBE007B8F9A /* PBXContainerItemProxy */;
		};
		AD371A5D1BFECBBE007B8F9A /* PBXTargetDependency */ = {
			isa = PBXTargetDependency;
			target = AD371A361BFECBBE007B8F9A /* dup-first */;
			targetProxy = AD371A5C1BFECBBE007B8F9A /* PBXContainerItemProxy */;
		};
/* End PBXTargetDependency section */

/* Begin PBXVariantGroup section */
		AD371A431BFECBBE007B8F9A /* Main.storyboard */ = {
			isa = PBXVariantGroup;
			children = (
				AD371A441BFECBBE007B8F9A /* Base */,
			);
			name = Main.storyboard;
			sourceTree = "<group>";
		};
		AD371A481BFECBBE007B8F9A /* LaunchScreen.storyboard */ = {
			isa = PBXVariantGroup;
			children = (
				AD371A491BFECBBE007B8F9A /* Base */,
			);
			name = LaunchScreen.storyboard;
			sourceTree = "<group>";
		};
/* End PBXVariantGroup section */

/* Begin XCBuildConfiguration section */
		AD371A621BFECBBE007B8F9A /* Debug */ = {
			isa = XCBuildConfiguration;
			buildSettings = {
				ALWAYS_SEARCH_USER_PATHS = NO;
				CLANG_CXX_LANGUAGE_STANDARD = "gnu++0x";
				CLANG_CXX_LIBRARY = "libc++";
				CLANG_ENABLE_MODULES = YES;
				CLANG_ENABLE_OBJC_ARC = YES;
				CLANG_WARN_BOOL_CONVERSION = YES;
				CLANG_WARN_CONSTANT_CONVERSION = YES;
				CLANG_WARN_DIRECT_OBJC_ISA_USAGE = YES_ERROR;
				CLANG_WARN_EMPTY_BODY = YES;
				CLANG_WARN_ENUM_CONVERSION = YES;
				CLANG_WARN_INT_CONVERSION = YES;
				CLANG_WARN_OBJC_ROOT_CLASS = YES_ERROR;
				CLANG_WARN_UNREACHABLE_CODE = YES;
				CLANG_WARN__DUPLICATE_METHOD_MATCH = YES;
				"CODE_SIGN_IDENTITY[sdk=iphoneos*]" = "iPhone Developer";
				COPY_PHASE_STRIP = NO;
				DEBUG_INFORMATION_FORMAT = dwarf;
				ENABLE_STRICT_OBJC_MSGSEND = YES;
				ENABLE_TESTABILITY = YES;
				GCC_C_LANGUAGE_STANDARD = gnu99;
				GCC_DYNAMIC_NO_PIC = NO;
				GCC_NO_COMMON_BLOCKS = YES;
				GCC_OPTIMIZATION_LEVEL = 0;
				GCC_PREPROCESSOR_DEFINITIONS = (
					"DEBUG=1",
					"$(inherited)",
				);
				GCC_WARN_64_TO_32_BIT_CONVERSION = YES;
				GCC_WARN_ABOUT_RETURN_TYPE = YES_ERROR;
				GCC_WARN_UNDECLARED_SELECTOR = YES;
				GCC_WARN_UNINITIALIZED_AUTOS = YES_AGGRESSIVE;
				GCC_WARN_UNUSED_FUNCTION = YES;
				GCC_WARN_UNUSED_VARIABLE = YES;
				IPHONEOS_DEPLOYMENT_TARGET = 9.0;
				MTL_ENABLE_DEBUG_INFO = YES;
				ONLY_ACTIVE_ARCH = YES;
				SDKROOT = iphoneos;
				TARGETED_DEVICE_FAMILY = "1,2";
			};
			name = Debug;
		};
		AD371A631BFECBBE007B8F9A /* Release */ = {
			isa = XCBuildConfiguration;
			buildSettings = {
				ALWAYS_SEARCH_USER_PATHS = NO;
				CLANG_CXX_LANGUAGE_STANDARD = "gnu++0x";
				CLANG_CXX_LIBRARY = "libc++";
				CLANG_ENABLE_MODULES = YES;
				CLANG_ENABLE_OBJC_ARC = YES;
				CLANG_WARN_BOOL_CONVERSION = YES;
				CLANG_WARN_CONSTANT_CONVERSION = YES;
				CLANG_WARN_DIRECT_OBJC_ISA_USAGE = YES_ERROR;
				CLANG_WARN_EMPTY_BODY = YES;
				CLANG_WARN_ENUM_CONVERSION = YES;
				CLANG_WARN_INT_CONVERSION = YES;
				CLANG_WARN_OBJC_ROOT_CLASS = YES_ERROR;
				CLANG_WARN_UNREACHABLE_CODE = YES;
				CLANG_WARN__DUPLICATE_METHOD_MATCH = YES;
				"CODE_SIGN_IDENTITY[sdk=iphoneos*]" = "iPhone Developer";
				COPY_PHASE_STRIP = NO;
				DEBUG_INFORMATION_FORMAT = "dwarf-with-dsym";
				ENABLE_NS_ASSERTIONS = NO;
				ENABLE_STRICT_OBJC_MSGSEND = YES;
				GCC_C_LANGUAGE_STANDARD = gnu99;
				GCC_NO_COMMON_BLOCKS = YES;
				GCC_WARN_64_TO_32_BIT_CONVERSION = YES;
				GCC_WARN_ABOUT_RETURN_TYPE = YES_ERROR;
				GCC_WARN_UNDECLARED_SELECTOR = YES;
				GCC_WARN_UNINITIALIZED_AUTOS = YES_AGGRESSIVE;
				GCC_WARN_UNUSED_FUNCTION = YES;
				GCC_WARN_UNUSED_VARIABLE = YES;
				IPHONEOS_DEPLOYMENT_TARGET = 9.0;
				MTL_ENABLE_DEBUG_INFO = NO;
				SDKROOT = iphoneos;
				TARGETED_DEVICE_FAMILY = "1,2";
				VALIDATE_PRODUCT = YES;
			};
			name = Release;
		};
		AD371A651BFECBBE007B8F9A /* Debug */ = {
			isa = XCBuildConfiguration;
			buildSettings = {
				ASSETCATALOG_COMPILER_APPICON_NAME = AppIcon;
				FRAMEWORK_SEARCH_PATHS = (
					"$(inherited)",
					"$(PROJECT_DIR)/xgsdk_res/res/frame",
				);
				INFOPLIST_FILE = "dup-first/Info.plist";
				LD_RUNPATH_SEARCH_PATHS = "$(inherited) @executable_path/Frameworks";
				LIBRARY_SEARCH_PATHS = (
					"$(inherited)",
					"$(PROJECT_DIR)/xgsdk_res/res/lib",
				);
				PRODUCT_BUNDLE_IDENTIFIER = "edu.self.dup-first";
				PRODUCT_NAME = "$(TARGET_NAME)";
			};
			name = Debug;
		};
		AD371A661BFECBBE007B8F9A /* Release */ = {
			isa = XCBuildConfiguration;
			buildSettings = {
				ASSETCATALOG_COMPILER_APPICON_NAME = AppIcon;
				FRAMEWORK_SEARCH_PATHS = (
					"$(inherited)",
					"$(PROJECT_DIR)/xgsdk_res/res/frame",
				);
				INFOPLIST_FILE = "dup-first/Info.plist";
				LD_RUNPATH_SEARCH_PATHS = "$(inherited) @executable_path/Frameworks";
				LIBRARY_SEARCH_PATHS = (
					"$(inherited)",
					"$(PROJECT_DIR)/xgsdk_res/res/lib",
				);
				PRODUCT_BUNDLE_IDENTIFIER = "edu.self.dup-first";
				PRODUCT_NAME = "$(TARGET_NAME)";
			};
			name = Release;
		};
		AD371A681BFECBBE007B8F9A /* Debug */ = {
			isa = XCBuildConfiguration;
			buildSettings = {
				BUNDLE_LOADER = "$(TEST_HOST)";
				INFOPLIST_FILE = "dup-firstTests/Info.plist";
				LD_RUNPATH_SEARCH_PATHS = "$(inherited) @executable_path/Frameworks @loader_path/Frameworks";
				PRODUCT_BUNDLE_IDENTIFIER = "edu.self.dup-firstTests";
				PRODUCT_NAME = "$(TARGET_NAME)";
				TEST_HOST = "$(BUILT_PRODUCTS_DIR)/dup-first.app/dup-first";
			};
			name = Debug;
		};
		AD371A691BFECBBE007B8F9A /* Release */ = {
			isa = XCBuildConfiguration;
			buildSettings = {
				BUNDLE_LOADER = "$(TEST_HOST)";
				INFOPLIST_FILE = "dup-firstTests/Info.plist";
				LD_RUNPATH_SEARCH_PATHS = "$(inherited) @executable_path/Frameworks @loader_path/Frameworks";
				PRODUCT_BUNDLE_IDENTIFIER = "edu.self.dup-firstTests";
				PRODUCT_NAME = "$(TARGET_NAME)";
				TEST_HOST = "$(BUILT_PRODUCTS_DIR)/dup-first.app/dup-first";
			};
			name = Release;
		};
		AD371A6B1BFECBBE007B8F9A /* Debug */ = {
			isa = XCBuildConfiguration;
			buildSettings = {
				INFOPLIST_FILE = "dup-firstUITests/Info.plist";
				LD_RUNPATH_SEARCH_PATHS = "$(inherited) @executable_path/Frameworks @loader_path/Frameworks";
				PRODUCT_BUNDLE_IDENTIFIER = "edu.self.dup-firstUITests";
				PRODUCT_NAME = "$(TARGET_NAME)";
				TEST_TARGET_NAME = "dup-first";
				USES_XCTRUNNER = YES;
			};
			name = Debug;
		};
		AD371A6C1BFECBBE007B8F9A /* Release */ = {
			isa = XCBuildConfiguration;
			buildSettings = {
				INFOPLIST_FILE = "dup-firstUITests/Info.plist";
				LD_RUNPATH_SEARCH_PATHS = "$(inherited) @executable_path/Frameworks @loader_path/Frameworks";
				PRODUCT_BUNDLE_IDENTIFIER = "edu.self.dup-firstUITests";
				PRODUCT_NAME = "$(TARGET_NAME)";
				TEST_TARGET_NAME = "dup-first";
				USES_XCTRUNNER = YES;
			};
			name = Release;
		};
/* End XCBuildConfiguration section */

/* Begin XCConfigurationList section */
		AD371A321BFECBBE007B8F9A /* Build configuration list for PBXProject "dup-first" */ = {
			isa = XCConfigurationList;
			buildConfigurations = (
				AD371A621BFECBBE007B8F9A /* Debug */,
				AD371A631BFECBBE007B8F9A /* Release */,
			);
			defaultConfigurationIsVisible = 0;
			defaultConfigurationName = Release;
		};
		AD371A641BFECBBE007B8F9A /* Build configuration list for PBXNativeTarget "dup-first" */ = {
			isa = XCConfigurationList;
			buildConfigurations = (
				AD371A651BFECBBE007B8F9A /* Debug */,
				AD371A661BFECBBE007B8F9A /* Release */,
			);
			defaultConfigurationIsVisible = 0;
		};
		AD371A671BFECBBE007B8F9A /* Build configuration list for PBXNativeTarget "dup-firstTests" */ = {
			isa = XCConfigurationList;
			buildConfigurations = (
				AD371A681BFECBBE007B8F9A /* Debug */,
				AD371A691BFECBBE007B8F9A /* Release */,
			);
			defaultConfigurationIsVisible = 0;
		};
		AD371A6A1BFECBBE007B8F9A /* Build configuration list for PBXNativeTarget "dup-firstUITests" */ = {
			isa = XCConfigurationList;
			buildConfigurations = (
				AD371A6B1BFECBBE007B8F9A /* Debug */,
				AD371A6C1BFECBBE007B8F9A /* Release */,
			);
			defaultConfigurationIsVisible = 0;
		};
/* End XCConfigurationList section */
	};
	rootObject = AD371A2F1BFECBBE007B8F9A /* Project object */;
}
